
Microsoft Visual Studio Solution File, Format Version 12.00
Project("{FAE04EC0-301F-11D3-BF4B-00C04F79EFBC}") = "Arxivar.LogonProvider.OpenIdentity", "Arxivar.LogonProvider.OpenIdentity.csproj", "{F6321552-722F-496A-A29A-519B3978F393}"
EndProject
Project("{FAE04EC0-301F-11D3-BF4B-00C04F79EFBC}") = "Arxivar.LogonProvider.Credentials", "..\Arxivar.LogonProvider.Credentials\Arxivar.LogonProvider.Credentials.csproj", "{971F25AD-27CE-424D-BB9E-03CF62664596}"
EndProject
Global
	GlobalSection(SolutionConfigurationPlatforms) = preSolution
		Debug|Any CPU = Debug|Any CPU
		Release|Any CPU = Release|Any CPU
	EndGlobalSection
	GlobalSection(ProjectConfigurationPlatforms) = postSolution
		{F6321552-722F-496A-A29A-519B3978F393}.Debug|Any CPU.ActiveCfg = Debug|Any CPU
		{F6321552-722F-496A-A29A-519B3978F393}.Debug|Any CPU.Build.0 = Debug|Any CPU
		{F6321552-722F-496A-A29A-519B3978F393}.Release|Any CPU.ActiveCfg = Release|Any CPU
		{F6321552-722F-496A-A29A-519B3978F393}.Release|Any CPU.Build.0 = Release|Any CPU
		{971F25AD-27CE-424D-BB9E-03CF62664596}.Debug|Any CPU.ActiveCfg = Debug|Any CPU
		{971F25AD-27CE-424D-BB9E-03CF62664596}.Debug|Any CPU.Build.0 = Debug|Any CPU
		{971F25AD-27CE-424D-BB9E-03CF62664596}.Release|Any CPU.ActiveCfg = Release|Any CPU
		{971F25AD-27CE-424D-BB9E-03CF62664596}.Release|Any CPU.Build.0 = Release|Any CPU
	EndGlobalSection
EndGlobal
