
Microsoft Visual Studio Solution File, Format Version 12.00
# Visual Studio 14
VisualStudioVersion = 14.0.25420.1
MinimumVisualStudioVersion = 10.0.40219.1
Project("{FAE04EC0-301F-11D3-BF4B-00C04F79EFBC}") = "ProgettoClient", "ProgettoClient\ProgettoClient.csproj", "{1DC4199C-2D8A-42BD-A98B-AF1F46AFD888}"
EndProject
Project("{FAE04EC0-301F-11D3-BF4B-00C04F79EFBC}") = "ProgettoServer", "ProgettoServer\ProgettoServer.csproj", "{CFB9D258-17C8-4C48-A5CD-6786F4CB55A5}"
EndProject
Project("{FAE04EC0-301F-11D3-BF4B-00C04F79EFBC}") = "LibreriaComune", "LibreriaComune\LibreriaComune.csproj", "{AC9CB032-6BB2-431D-86E0-FB509CBB8CC7}"
EndProject
Project("{FAE04EC0-301F-11D3-BF4B-00C04F79EFBC}") = "ProgettoWorkflow", "ProgettoWorkflow\ProgettoWorkflow.csproj", "{EE50879F-DE2E-457D-AC3A-D51A403B16EB}"
EndProject
Global
	GlobalSection(SolutionConfigurationPlatforms) = preSolution
		Debug|Any CPU = Debug|Any CPU
		Release|Any CPU = Release|Any CPU
	EndGlobalSection
	GlobalSection(ProjectConfigurationPlatforms) = postSolution
		{1DC4199C-2D8A-42BD-A98B-AF1F46AFD888}.Debug|Any CPU.ActiveCfg = Debug|Any CPU
		{1DC4199C-2D8A-42BD-A98B-AF1F46AFD888}.Debug|Any CPU.Build.0 = Debug|Any CPU
		{1DC4199C-2D8A-42BD-A98B-AF1F46AFD888}.Release|Any CPU.ActiveCfg = Release|Any CPU
		{1DC4199C-2D8A-42BD-A98B-AF1F46AFD888}.Release|Any CPU.Build.0 = Release|Any CPU
		{CFB9D258-17C8-4C48-A5CD-6786F4CB55A5}.Debug|Any CPU.ActiveCfg = Debug|Any CPU
		{CFB9D258-17C8-4C48-A5CD-6786F4CB55A5}.Debug|Any CPU.Build.0 = Debug|Any CPU
		{CFB9D258-17C8-4C48-A5CD-6786F4CB55A5}.Release|Any CPU.ActiveCfg = Release|Any CPU
		{CFB9D258-17C8-4C48-A5CD-6786F4CB55A5}.Release|Any CPU.Build.0 = Release|Any CPU
		{AC9CB032-6BB2-431D-86E0-FB509CBB8CC7}.Debug|Any CPU.ActiveCfg = Debug|Any CPU
		{AC9CB032-6BB2-431D-86E0-FB509CBB8CC7}.Debug|Any CPU.Build.0 = Debug|Any CPU
		{AC9CB032-6BB2-431D-86E0-FB509CBB8CC7}.Release|Any CPU.ActiveCfg = Release|Any CPU
		{AC9CB032-6BB2-431D-86E0-FB509CBB8CC7}.Release|Any CPU.Build.0 = Release|Any CPU
		{EE50879F-DE2E-457D-AC3A-D51A403B16EB}.Debug|Any CPU.ActiveCfg = Debug|Any CPU
		{EE50879F-DE2E-457D-AC3A-D51A403B16EB}.Debug|Any CPU.Build.0 = Debug|Any CPU
		{EE50879F-DE2E-457D-AC3A-D51A403B16EB}.Release|Any CPU.ActiveCfg = Release|Any CPU
		{EE50879F-DE2E-457D-AC3A-D51A403B16EB}.Release|Any CPU.Build.0 = Release|Any CPU
	EndGlobalSection
	GlobalSection(SolutionProperties) = preSolution
		HideSolutionNode = FALSE
	EndGlobalSection
EndGlobal
